<Solution>
  <Folder Name="/Solution/">
    <File Path="Directory.Build.props" />
    <File Path="Directory.Packages.props" />
    <File Path="README.md" />
  </Folder>
  <Folder Name="/src/">
    <Project Path="src/HomelabDocs.Api/HomelabDocs.Api.csproj" />
    <Project Path="src/HomelabDocs.Web/HomelabDocs.Web.csproj" />
  </Folder>
</Solution>
